<?xml version="1.0" encoding="utf-8"?>
<Project ToolsVersion="4.0" xmlns="http://schemas.microsoft.com/developer/msbuild/2003">
  <ItemGroup>
    <Filter Include="src">
      <UniqueIdentifier>{2f42fb93-cb87-4194-97fc-d3e6e5abd3a4}</UniqueIdentifier>
    </Filter>
    <Filter Include="resources">
      <UniqueIdentifier>{8c6334a6-c05b-4254-8caa-273761ad9283}</UniqueIdentifier>
    </Filter>
  </ItemGroup>
  <ItemGroup>
    <ClCompile Include="src\main.cpp">
      <Filter>src</Filter>
    </ClCompile>
    <ClCompile Include="src\body.cpp">
      <Filter>src</Filter>
    </ClCompile>
  </ItemGroup>
  <ItemGroup>
    <Image Include="resources\test.png">
      <Filter>resources</Filter>
    </Image>
  </ItemGroup>
  <ItemGroup>
    <ClInclude Include="src\body.hpp">
      <Filter>src</Filter>
    </ClInclude>
    <ClInclude Include="src\camera.hpp">
      <Filter>src</Filter>
    </ClInclude>
    <ClInclude Include="src\circle_animation.hpp">
      <Filter>src</Filter>
    </ClInclude>
    <ClInclude Include="src\polygon_animation.hpp">
      <Filter>src</Filter>
    </ClInclude>
  </ItemGroup>
</Project>